
Microsoft Visual Studio Solution File, Format Version 12.00
# Visual Studio Version 17
VisualStudioVersion = 17.0.32014.148
MinimumVisualStudioVersion = 10.0.40219.1
Project("{FAE04EC0-301F-11D3-BF4B-00C04F79EFBC}") = "BrockCafeCW", "BrockCafeCW.csproj", "{61BD0520-8F31-4D13-A7DC-688EA2A2EF12}"
EndProject
Global
	GlobalSection(SolutionConfigurationPlatforms) = preSolution
		Debug|Any CPU = Debug|Any CPU
		Release|Any CPU = Release|Any CPU
	EndGlobalSection
	GlobalSection(ProjectConfigurationPlatforms) = postSolution
		{61BD0520-8F31-4D13-A7DC-688EA2A2EF12}.Debug|Any CPU.ActiveCfg = Debug|Any CPU
		{61BD0520-8F31-4D13-A7DC-688EA2A2EF12}.Debug|Any CPU.Build.0 = Debug|Any CPU
		{61BD0520-8F31-4D13-A7DC-688EA2A2EF12}.Release|Any CPU.ActiveCfg = Release|Any CPU
		{61BD0520-8F31-4D13-A7DC-688EA2A2EF12}.Release|Any CPU.Build.0 = Release|Any CPU
	EndGlobalSection
	GlobalSection(SolutionProperties) = preSolution
		HideSolutionNode = FALSE
	EndGlobalSection
	GlobalSection(ExtensibilityGlobals) = postSolution
		SolutionGuid = {0ED5B2ED-3365-4A9E-8A47-C72E9F94FBBF}
	EndGlobalSection
EndGlobal
